<Solution>

  <!-- ===== 核心平台 ===== -->
  <Project Path="plc-saas.csproj" />
  <Project Path="../plc-vsa-demo/plc-vsa-demo.csproj" />
  <Project Path="../Plc.Plugins.Contracts/Plc.Plugins.Contracts.csproj" />
  <Project Path="../plc-host/plc-host.csproj" />

  <!-- ===== PlcAiot 微服务 ===== -->
  <Project Path="../PlcAiot.Abstractions/PlcAiot.Abstractions.csproj" />
  <Project Path="../PlcAiot.Devices/PlcAiot.Devices.csproj" />
  <Project Path="../PlcAiot.Faults/PlcAiot.Faults.csproj" />
  <Project Path="../PlcAiot.Faults.Persistent/PlcAiot.Faults.Persistent.csproj" />
  <Project Path="../PlcAiot.Supervisor/PlcAiot.Supervisor.csproj" />
  <Project Path="../PlcAiot.Shared/PlcAiot.Shared.csproj" />
  <Project Path="../PlcAiot.Web/PlcAiot.Web.csproj" />
  <Project Path="../PlcAiot.WebApi/PlcAiot.WebApi.csproj" />
  <Project Path="../PlcAiot.Web.Client/PlcAiot.Web.Client.csproj" />
  <Project Path="../PlcAiot.Mobile/PlcAiot.Mobile.csproj" />
  <Project Path="../PlcAiot.Desktop/PlcAiot.Desktop.csproj" />
  <Project Path="../PlcAiot.Stability/DemoHost/DemoHost.csproj" />

  <!-- ===== plc-host 插件 ===== -->
  <Project Path="../plc-host/plugins/BacnetDevicePlugin/BacnetDevicePlugin.csproj" />
  <Project Path="../plc-host/plugins/DemoDevicePlugin/DemoDevicePlugin.csproj" />
  <Project Path="../plc-host/plugins/FatekDevicePlugin/FatekDevicePlugin.csproj" />
  <Project Path="../plc-host/plugins/FujiDevicePlugin/FujiDevicePlugin.csproj" />
  <Project Path="../plc-host/plugins/KeyenceDevicePlugin/KeyenceDevicePlugin.csproj" />
  <Project Path="../plc-host/plugins/LoRaDevicePlugin/LoRaDevicePlugin.csproj" />
  <Project Path="../plc-host/plugins/MelsecDevicePlugin/MelsecDevicePlugin.csproj" />

  <!-- ===== 测试/验证 ===== -->
  <Project Path="../plc-saas.verify/plc-saas.verify.csproj" />
  <Project Path="../../tests/DeviceProtocols.Verify/DeviceProtocols.Verify.csproj" />

  <!-- ===== csgo-spike (src 转换版) ===== -->
  <Folder Name="/csgo-src/">
    <Project Path="../csgo-spike/src/CsGo/CsGo.csproj" />
    <Project Path="../csgo-spike/src/FormTest/FormTest.csproj" />
    <Project Path="../csgo-spike/src/GoTest/GoTest.csproj" />
    <Project Path="../csgo-spike/src/WorkerFlow/WorkerFlow.csproj" />
  </Folder>

  <!-- ===== csgo-spike (CsGo-master 原始版 + CsGoSpike) ===== -->
  <Folder Name="/csgo-master/">
    <Project Path="../csgo-spike/CsGo-master/CsGo/CsGo.csproj" />
    <Project Path="../csgo-spike/CsGo-master/FormTest/FormTest.csproj" />
    <Project Path="../csgo-spike/CsGo-master/GoTest/GoTest.csproj" />
    <Project Path="../csgo-spike/CsGo-master/WorkerFlow/WorkerFlow.csproj" />
    <Project Path="../csgo-spike/CsGoSpike/CsGoSpike.csproj" />
  </Folder>

  <!-- ===== 其他 spike ===== -->
  <Project Path="../dapr-spike/dapr-spike.csproj" />
  <Project Path="../../Feature.csproj" />

</Solution>
