<Solution>
  <Folder Name="/samples/">
    <Project Path="samples/DemoHost/DemoHost.csproj" />
  </Folder>
  <Folder Name="/src/">
    <Project Path="src/PlcAiot.Abstractions/PlcAiot.Abstractions.csproj" />
    <Project Path="src/PlcAiot.Devices/PlcAiot.Devices.csproj" />
    <Project Path="src/PlcAiot.Faults.Persistent/PlcAiot.Faults.Persistent.csproj" />
    <Project Path="src/PlcAiot.Faults/PlcAiot.Faults.csproj" />
    <Project Path="src/PlcAiot.Supervisor/PlcAiot.Supervisor.csproj" />
  </Folder>
</Solution>
